// !$*UTF8*$!
{
	archiveVersion = 1;
	classes = {
	};
	objectVersion = 46;
	objects = {

/* Begin PBXBuildFile section */
		934FB4B118C0CC3400F4E46D /* Foundation.framework in Frameworks */ = {isa = PBXBuildFile; fileRef = 934FB4B018C0CC3400F4E46D /* Foundation.framework */; };
		934FB4B318C0CC3400F4E46D /* CoreGraphics.framework in Frameworks */ = {isa = PBXBuildFile; fileRef = 934FB4B218C0CC3400F4E46D /* CoreGraphics.framework */; };
		934FB4B518C0CC3400F4E46D /* UIKit.framework in Frameworks */ = {isa = PBXBuildFile; fileRef = 934FB4B418C0CC3400F4E46D /* UIKit.framework */; };
		934FB4BB18C0CC3400F4E46D /* InfoPlist.strings in Resources */ = {isa = PBXBuildFile; fileRef = 934FB4B918C0CC3400F4E46D /* InfoPlist.strings */; };
		934FB4BD18C0CC3400F4E46D /* main.m in Sources */ = {isa = PBXBuildFile; fileRef = 934FB4BC18C0CC3400F4E46D /* main.m */; };
		934FB4C118C0CC3400F4E46D /* AppDelegate.m in Sources */ = {isa = PBXBuildFile; fileRef = 934FB4C018C0CC3400F4E46D /* AppDelegate.m */; };
		934FB4C418C0CC3400F4E46D /* Main.storyboard in Resources */ = {isa = PBXBuildFile; fileRef = 934FB4C218C0CC3400F4E46D /* Main.storyboard */; };
		934FB4C718C0CC3400F4E46D /* ViewController.m in Sources */ = {isa = PBXBuildFile; fileRef = 934FB4C618C0CC3400F4E46D /* ViewController.m */; };
		934FB4C918C0CC3400F4E46D /* Images.xcassets in Resources */ = {isa = PBXBuildFile; fileRef = 934FB4C818C0CC3400F4E46D /* Images.xcassets */; };
		934FB4D018C0CC3400F4E46D /* XCTest.framework in Frameworks */ = {isa = PBXBuildFile; fileRef = 934FB4CF18C0CC3400F4E46D /* XCTest.framework */; };
		934FB4D118C0CC3400F4E46D /* Foundation.framework in Frameworks */ = {isa = PBXBuildFile; fileRef = 934FB4B018C0CC3400F4E46D /* Foundation.framework */; };
		934FB4D218C0CC3400F4E46D /* UIKit.framework in Frameworks */ = {isa = PBXBuildFile; fileRef = 934FB4B418C0CC3400F4E46D /* UIKit.framework */; };
		934FB4DA18C0CC3400F4E46D /* InfoPlist.strings in Resources */ = {isa = PBXBuildFile; fileRef = 934FB4D818C0CC3400F4E46D /* InfoPlist.strings */; };
		934FB4DC18C0CC3400F4E46D /* ThreadsTests.m in Sources */ = {isa = PBXBuildFile; fileRef = 934FB4DB18C0CC3400F4E46D /* ThreadsTests.m */; };
/* End PBXBuildFile section */

/* Begin PBXContainerItemProxy section */
		934FB4D318C0CC3400F4E46D /* PBXContainerItemProxy */ = {
			isa = PBXContainerItemProxy;
			containerPortal = 934FB4A518C0CC3400F4E46D /* Project object */;
			proxyType = 1;
			remoteGlobalIDString = 934FB4AC18C0CC3400F4E46D;
			remoteInfo = Threads;
		};
/* End PBXContainerItemProxy section */

/* Begin PBXFileReference section */
		934FB4AD18C0CC3400F4E46D /* Threads.app */ = {isa = PBXFileReference; explicitFileType = wrapper.application; includeInIndex = 0; path = Threads.app; sourceTree = BUILT_PRODUCTS_DIR; };
		934FB4B018C0CC3400F4E46D /* Foundation.framework */ = {isa = PBXFileReference; lastKnownFileType = wrapper.framework; name = Foundation.framework; path = System/Library/Frameworks/Foundation.framework; sourceTree = SDKROOT; };
		934FB4B218C0CC3400F4E46D /* CoreGraphics.framework */ = {isa = PBXFileReference; lastKnownFileType = wrapper.framework; name = CoreGraphics.framework; path = System/Library/Frameworks/CoreGraphics.framework; sourceTree = SDKROOT; };
		934FB4B418C0CC3400F4E46D /* UIKit.framework */ = {isa = PBXFileReference; lastKnownFileType = wrapper.framework; name = UIKit.framework; path = System/Library/Frameworks/UIKit.framework; sourceTree = SDKROOT; };
		934FB4B818C0CC3400F4E46D /* Threads-Info.plist */ = {isa = PBXFileReference; lastKnownFileType = text.plist.xml; path = "Threads-Info.plist"; sourceTree = "<group>"; };
		934FB4BA18C0CC3400F4E46D /* en */ = {isa = PBXFileReference; lastKnownFileType = text.plist.strings; name = en; path = en.lproj/InfoPlist.strings; sourceTree = "<group>"; };
		934FB4BC18C0CC3400F4E46D /* main.m */ = {isa = PBXFileReference; lastKnownFileType = sourcecode.c.objc; path = main.m; sourceTree = "<group>"; };
		934FB4BE18C0CC3400F4E46D /* Threads-Prefix.pch */ = {isa = PBXFileReference; lastKnownFileType = sourcecode.c.h; path = "Threads-Prefix.pch"; sourceTree = "<group>"; };
		934FB4BF18C0CC3400F4E46D /* AppDelegate.h */ = {isa = PBXFileReference; lastKnownFileType = sourcecode.c.h; path = AppDelegate.h; sourceTree = "<group>"; };
		934FB4C018C0CC3400F4E46D /* AppDelegate.m */ = {isa = PBXFileReference; lastKnownFileType = sourcecode.c.objc; path = AppDelegate.m; sourceTree = "<group>"; };
		934FB4C318C0CC3400F4E46D /* Base */ = {isa = PBXFileReference; lastKnownFileType = file.storyboard; name = Base; path = Base.lproj/Main.storyboard; sourceTree = "<group>"; };
		934FB4C518C0CC3400F4E46D /* ViewController.h */ = {isa = PBXFileReference; lastKnownFileType = sourcecode.c.h; path = ViewController.h; sourceTree = "<group>"; };
		934FB4C618C0CC3400F4E46D /* ViewController.m */ = {isa = PBXFileReference; lastKnownFileType = sourcecode.c.objc; path = ViewController.m; sourceTree = "<group>"; };
		934FB4C818C0CC3400F4E46D /* Images.xcassets */ = {isa = PBXFileReference; lastKnownFileType = folder.assetcatalog; path = Images.xcassets; sourceTree = "<group>"; };
		934FB4CE18C0CC3400F4E46D /* ThreadsTests.xctest */ = {isa = PBXFileReference; explicitFileType = wrapper.cfbundle; includeInIndex = 0; path = ThreadsTests.xctest; sourceTree = BUILT_PRODUCTS_DIR; };
		934FB4CF18C0CC3400F4E46D /* XCTest.framework */ = {isa = PBXFileReference; lastKnownFileType = wrapper.framework; name = XCTest.framework; path = Library/Frameworks/XCTest.framework; sourceTree = DEVELOPER_DIR; };
		934FB4D718C0CC3400F4E46D /* ThreadsTests-Info.plist */ = {isa = PBXFileReference; lastKnownFileType = text.plist.xml; path = "ThreadsTests-Info.plist"; sourceTree = "<group>"; };
		934FB4D918C0CC3400F4E46D /* en */ = {isa = PBXFileReference; lastKnownFileType = text.plist.strings; name = en; path = en.lproj/InfoPlist.strings; sourceTree = "<group>"; };
		934FB4DB18C0CC3400F4E46D /* ThreadsTests.m */ = {isa = PBXFileReference; lastKnownFileType = sourcecode.c.objc; path = ThreadsTests.m; sourceTree = "<group>"; };
/* End PBXFileReference section */

/* Begin PBXFrameworksBuildPhase section */
		934FB4AA18C0CC3400F4E46D /* Frameworks */ = {
			isa = PBXFrameworksBuildPhase;
			buildActionMask = 2147483647;
			files = (
				934FB4B318C0CC3400F4E46D /* CoreGraphics.framework in Frameworks */,
				934FB4B518C0CC3400F4E46D /* UIKit.framework in Frameworks */,
				934FB4B118C0CC3400F4E46D /* Foundation.framework in Frameworks */,
			);
			runOnlyForDeploymentPostprocessing = 0;
		};
		934FB4CB18C0CC3400F4E46D /* Frameworks */ = {
			isa = PBXFrameworksBuildPhase;
			buildActionMask = 2147483647;
			files = (
				934FB4D018C0CC3400F4E46D /* XCTest.framework in Frameworks */,
				934FB4D218C0CC3400F4E46D /* UIKit.framework in Frameworks */,
				934FB4D118C0CC3400F4E46D /* Foundation.framework in Frameworks */,
			);
			runOnlyForDeploymentPostprocessing = 0;
		};
/* End PBXFrameworksBuildPhase section */

/* Begin PBXGroup section */
		934FB4A418C0CC3400F4E46D = {
			isa = PBXGroup;
			children = (
				934FB4B618C0CC3400F4E46D /* Threads */,
				934FB4D518C0CC3400F4E46D /* ThreadsTests */,
				934FB4AF18C0CC3400F4E46D /* Frameworks */,
				934FB4AE18C0CC3400F4E46D /* Products */,
			);
			sourceTree = "<group>";
		};
		934FB4AE18C0CC3400F4E46D /* Products */ = {
			isa = PBXGroup;
			children = (
				934FB4AD18C0CC3400F4E46D /* Threads.app */,
				934FB4CE18C0CC3400F4E46D /* ThreadsTests.xctest */,
			);
			name = Products;
			sourceTree = "<group>";
		};
		934FB4AF18C0CC3400F4E46D /* Frameworks */ = {
			isa = PBXGroup;
			children = (
				934FB4B018C0CC3400F4E46D /* Foundation.framework */,
				934FB4B218C0CC3400F4E46D /* CoreGraphics.framework */,
				934FB4B418C0CC3400F4E46D /* UIKit.framework */,
				934FB4CF18C0CC3400F4E46D /* XCTest.framework */,
			);
			name = Frameworks;
			sourceTree = "<group>";
		};
		934FB4B618C0CC3400F4E46D /* Threads */ = {
			isa = PBXGroup;
			children = (
				934FB4BF18C0CC3400F4E46D /* AppDelegate.h */,
				934FB4C018C0CC3400F4E46D /* AppDelegate.m */,
				934FB4C218C0CC3400F4E46D /* Main.storyboard */,
				934FB4C518C0CC3400F4E46D /* ViewController.h */,
				934FB4C618C0CC3400F4E46D /* ViewController.m */,
				934FB4C818C0CC3400F4E46D /* Images.xcassets */,
				934FB4B718C0CC3400F4E46D /* Supporting Files */,
			);
			path = Threads;
			sourceTree = "<group>";
		};
		934FB4B718C0CC3400F4E46D /* Supporting Files */ = {
			isa = PBXGroup;
			children = (
				934FB4B818C0CC3400F4E46D /* Threads-Info.plist */,
				934FB4B918C0CC3400F4E46D /* InfoPlist.strings */,
				934FB4BC18C0CC3400F4E46D /* main.m */,
				934FB4BE18C0CC3400F4E46D /* Threads-Prefix.pch */,
			);
			name = "Supporting Files";
			sourceTree = "<group>";
		};
		934FB4D518C0CC3400F4E46D /* ThreadsTests */ = {
			isa = PBXGroup;
			children = (
				934FB4DB18C0CC3400F4E46D /* ThreadsTests.m */,
				934FB4D618C0CC3400F4E46D /* Supporting Files */,
			);
			path = ThreadsTests;
			sourceTree = "<group>";
		};
		934FB4D618C0CC3400F4E46D /* Supporting Files */ = {
			isa = PBXGroup;
			children = (
				934FB4D718C0CC3400F4E46D /* ThreadsTests-Info.plist */,
				934FB4D818C0CC3400F4E46D /* InfoPlist.strings */,
			);
			name = "Supporting Files";
			sourceTree = "<group>";
		};
/* End PBXGroup section */

/* Begin PBXNativeTarget section */
		934FB4AC18C0CC3400F4E46D /* Threads */ = {
			isa = PBXNativeTarget;
			buildConfigurationList = 934FB4DF18C0CC3400F4E46D /* Build configuration list for PBXNativeTarget "Threads" */;
			buildPhases = (
				934FB4A918C0CC3400F4E46D /* Sources */,
				934FB4AA18C0CC3400F4E46D /* Frameworks */,
				934FB4AB18C0CC3400F4E46D /* Resources */,
			);
			buildRules = (
			);
			dependencies = (
			);
			name = Threads;
			productName = Threads;
			productReference = 934FB4AD18C0CC3400F4E46D /* Threads.app */;
			productType = "com.apple.product-type.application";
		};
		934FB4CD18C0CC3400F4E46D /* ThreadsTests */ = {
			isa = PBXNativeTarget;
			buildConfigurationList = 934FB4E218C0CC3400F4E46D /* Build configuration list for PBXNativeTarget "ThreadsTests" */;
			buildPhases = (
				934FB4CA18C0CC3400F4E46D /* Sources */,
				934FB4CB18C0CC3400F4E46D /* Frameworks */,
				934FB4CC18C0CC3400F4E46D /* Resources */,
			);
			buildRules = (
			);
			dependencies = (
				934FB4D418C0CC3400F4E46D /* PBXTargetDependency */,
			);
			name = ThreadsTests;
			productName = ThreadsTests;
			productReference = 934FB4CE18C0CC3400F4E46D /* ThreadsTests.xctest */;
			productType = "com.apple.product-type.bundle.unit-test";
		};
/* End PBXNativeTarget section */

/* Begin PBXProject section */
		934FB4A518C0CC3400F4E46D /* Project object */ = {
			isa = PBXProject;
			attributes = {
				LastUpgradeCheck = 0510;
				ORGANIZATIONNAME = "Plush Cube";
				TargetAttributes = {
					934FB4CD18C0CC3400F4E46D = {
						TestTargetID = 934FB4AC18C0CC3400F4E46D;
					};
				};
			};
			buildConfigurationList = 934FB4A818C0CC3400F4E46D /* Build configuration list for PBXProject "Threads" */;
			compatibilityVersion = "Xcode 3.2";
			developmentRegion = English;
			hasScannedForEncodings = 0;
			knownRegions = (
				en,
				Base,
			);
			mainGroup = 934FB4A418C0CC3400F4E46D;
			productRefGroup = 934FB4AE18C0CC3400F4E46D /* Products */;
			projectDirPath = "";
			projectRoot = "";
			targets = (
				934FB4AC18C0CC3400F4E46D /* Threads */,
				934FB4CD18C0CC3400F4E46D /* ThreadsTests */,
			);
		};
/* End PBXProject section */

/* Begin PBXResourcesBuildPhase section */
		934FB4AB18C0CC3400F4E46D /* Resources */ = {
			isa = PBXResourcesBuildPhase;
			buildActionMask = 2147483647;
			files = (
				934FB4C918C0CC3400F4E46D /* Images.xcassets in Resources */,
				934FB4BB18C0CC3400F4E46D /* InfoPlist.strings in Resources */,
				934FB4C418C0CC3400F4E46D /* Main.storyboard in Resources */,
			);
			runOnlyForDeploymentPostprocessing = 0;
		};
		934FB4CC18C0CC3400F4E46D /* Resources */ = {
			isa = PBXResourcesBuildPhase;
			buildActionMask = 2147483647;
			files = (
				934FB4DA18C0CC3400F4E46D /* InfoPlist.strings in Resources */,
			);
			runOnlyForDeploymentPostprocessing = 0;
		};
/* End PBXResourcesBuildPhase section */

/* Begin PBXSourcesBuildPhase section */
		934FB4A918C0CC3400F4E46D /* Sources */ = {
			isa = PBXSourcesBuildPhase;
			buildActionMask = 2147483647;
			files = (
				934FB4C718C0CC3400F4E46D /* ViewController.m in Sources */,
				934FB4C118C0CC3400F4E46D /* AppDelegate.m in Sources */,
				934FB4BD18C0CC3400F4E46D /* main.m in Sources */,
			);
			runOnlyForDeploymentPostprocessing = 0;
		};
		934FB4CA18C0CC3400F4E46D /* Sources */ = {
			isa = PBXSourcesBuildPhase;
			buildActionMask = 2147483647;
			files = (
				934FB4DC18C0CC3400F4E46D /* ThreadsTests.m in Sources */,
			);
			runOnlyForDeploymentPostprocessing = 0;
		};
/* End PBXSourcesBuildPhase section */

/* Begin PBXTargetDependency section */
		934FB4D418C0CC3400F4E46D /* PBXTargetDependency */ = {
			isa = PBXTargetDependency;
			target = 934FB4AC18C0CC3400F4E46D /* Threads */;
			targetProxy = 934FB4D318C0CC3400F4E46D /* PBXContainerItemProxy */;
		};
/* End PBXTargetDependency section */

/* Begin PBXVariantGroup section */
		934FB4B918C0CC3400F4E46D /* InfoPlist.strings */ = {
			isa = PBXVariantGroup;
			children = (
				934FB4BA18C0CC3400F4E46D /* en */,
			);
			name = InfoPlist.strings;
			sourceTree = "<group>";
		};
		934FB4C218C0CC3400F4E46D /* Main.storyboard */ = {
			isa = PBXVariantGroup;
			children = (
				934FB4C318C0CC3400F4E46D /* Base */,
			);
			name = Main.storyboard;
			sourceTree = "<group>";
		};
		934FB4D818C0CC3400F4E46D /* InfoPlist.strings */ = {
			isa = PBXVariantGroup;
			children = (
				934FB4D918C0CC3400F4E46D /* en */,
			);
			name = InfoPlist.strings;
			sourceTree = "<group>";
		};
/* End PBXVariantGroup section */

/* Begin XCBuildConfiguration section */
		934FB4DD18C0CC3400F4E46D /* Debug */ = {
			isa = XCBuildConfiguration;
			buildSettings = {
				ALWAYS_SEARCH_USER_PATHS = NO;
				CLANG_CXX_LANGUAGE_STANDARD = "gnu++0x";
				CLANG_CXX_LIBRARY = "libc++";
				CLANG_ENABLE_MODULES = YES;
				CLANG_ENABLE_OBJC_ARC = YES;
				CLANG_WARN_BOOL_CONVERSION = YES;
				CLANG_WARN_CONSTANT_CONVERSION = YES;
				CLANG_WARN_DIRECT_OBJC_ISA_USAGE = YES_ERROR;
				CLANG_WARN_EMPTY_BODY = YES;
				CLANG_WARN_ENUM_CONVERSION = YES;
				CLANG_WARN_INT_CONVERSION = YES;
				CLANG_WARN_OBJC_ROOT_CLASS = YES_ERROR;
				CLANG_WARN__DUPLICATE_METHOD_MATCH = YES;
				"CODE_SIGN_IDENTITY[sdk=iphoneos*]" = "iPhone Developer";
				COPY_PHASE_STRIP = NO;
				GCC_C_LANGUAGE_STANDARD = gnu99;
				GCC_DYNAMIC_NO_PIC = NO;
				GCC_OPTIMIZATION_LEVEL = 0;
				GCC_PREPROCESSOR_DEFINITIONS = (
					"DEBUG=1",
					"$(inherited)",
				);
				GCC_SYMBOLS_PRIVATE_EXTERN = NO;
				GCC_WARN_64_TO_32_BIT_CONVERSION = YES;
				GCC_WARN_ABOUT_RETURN_TYPE = YES_ERROR;
				GCC_WARN_UNDECLARED_SELECTOR = YES;
				GCC_WARN_UNINITIALIZED_AUTOS = YES;
				GCC_WARN_UNUSED_FUNCTION = YES;
				GCC_WARN_UNUSED_VARIABLE = YES;
				IPHONEOS_DEPLOYMENT_TARGET = 7.0;
				ONLY_ACTIVE_ARCH = YES;
				SDKROOT = iphoneos;
			};
			name = Debug;
		};
		934FB4DE18C0CC3400F4E46D /* Release */ = {
			isa = XCBuildConfiguration;
			buildSettings = {
				ALWAYS_SEARCH_USER_PATHS = NO;
				CLANG_CXX_LANGUAGE_STANDARD = "gnu++0x";
				CLANG_CXX_LIBRARY = "libc++";
				CLANG_ENABLE_MODULES = YES;
				CLANG_ENABLE_OBJC_ARC = YES;
				CLANG_WARN_BOOL_CONVERSION = YES;
				CLANG_WARN_CONSTANT_CONVERSION = YES;
				CLANG_WARN_DIRECT_OBJC_ISA_USAGE = YES_ERROR;
				CLANG_WARN_EMPTY_BODY = YES;
				CLANG_WARN_ENUM_CONVERSION = YES;
				CLANG_WARN_INT_CONVERSION = YES;
				CLANG_WARN_OBJC_ROOT_CLASS = YES_ERROR;
				CLANG_WARN__DUPLICATE_METHOD_MATCH = YES;
				"CODE_SIGN_IDENTITY[sdk=iphoneos*]" = "iPhone Developer";
				COPY_PHASE_STRIP = YES;
				ENABLE_NS_ASSERTIONS = NO;
				GCC_C_LANGUAGE_STANDARD = gnu99;
				GCC_WARN_64_TO_32_BIT_CONVERSION = YES;
				GCC_WARN_ABOUT_RETURN_TYPE = YES_ERROR;
				GCC_WARN_UNDECLARED_SELECTOR = YES;
				GCC_WARN_UNINITIALIZED_AUTOS = YES;
				GCC_WARN_UNUSED_FUNCTION = YES;
				GCC_WARN_UNUSED_VARIABLE = YES;
				IPHONEOS_DEPLOYMENT_TARGET = 7.0;
				SDKROOT = iphoneos;
				VALIDATE_PRODUCT = YES;
			};
			name = Release;
		};
		934FB4E018C0CC3400F4E46D /* Debug */ = {
			isa = XCBuildConfiguration;
			buildSettings = {
				ASSETCATALOG_COMPILER_APPICON_NAME = AppIcon;
				ASSETCATALOG_COMPILER_LAUNCHIMAGE_NAME = LaunchImage;
				GCC_PRECOMPILE_PREFIX_HEADER = YES;
				GCC_PREFIX_HEADER = "Threads/Threads-Prefix.pch";
				INFOPLIST_FILE = "Threads/Threads-Info.plist";
				PRODUCT_NAME = "$(TARGET_NAME)";
				WRAPPER_EXTENSION = app;
			};
			name = Debug;
		};
		934FB4E118C0CC3400F4E46D /* Release */ = {
			isa = XCBuildConfiguration;
			buildSettings = {
				ASSETCATALOG_COMPILER_APPICON_NAME = AppIcon;
				ASSETCATALOG_COMPILER_LAUNCHIMAGE_NAME = LaunchImage;
				GCC_PRECOMPILE_PREFIX_HEADER = YES;
				GCC_PREFIX_HEADER = "Threads/Threads-Prefix.pch";
				INFOPLIST_FILE = "Threads/Threads-Info.plist";
				PRODUCT_NAME = "$(TARGET_NAME)";
				WRAPPER_EXTENSION = app;
			};
			name = Release;
		};
		934FB4E318C0CC3400F4E46D /* Debug */ = {
			isa = XCBuildConfiguration;
			buildSettings = {
				BUNDLE_LOADER = "$(BUILT_PRODUCTS_DIR)/Threads.app/Threads";
				FRAMEWORK_SEARCH_PATHS = (
					"$(SDKROOT)/Developer/Library/Frameworks",
					"$(inherited)",
					"$(DEVELOPER_FRAMEWORKS_DIR)",
				);
				GCC_PRECOMPILE_PREFIX_HEADER = YES;
				GCC_PREFIX_HEADER = "Threads/Threads-Prefix.pch";
				GCC_PREPROCESSOR_DEFINITIONS = (
					"DEBUG=1",
					"$(inherited)",
				);
				INFOPLIST_FILE = "ThreadsTests/ThreadsTests-Info.plist";
				PRODUCT_NAME = "$(TARGET_NAME)";
				TEST_HOST = "$(BUNDLE_LOADER)";
				WRAPPER_EXTENSION = xctest;
			};
			name = Debug;
		};
		934FB4E418C0CC3400F4E46D /* Release */ = {
			isa = XCBuildConfiguration;
			buildSettings = {
				BUNDLE_LOADER = "$(BUILT_PRODUCTS_DIR)/Threads.app/Threads";
				FRAMEWORK_SEARCH_PATHS = (
					"$(SDKROOT)/Developer/Library/Frameworks",
					"$(inherited)",
					"$(DEVELOPER_FRAMEWORKS_DIR)",
				);
				GCC_PRECOMPILE_PREFIX_HEADER = YES;
				GCC_PREFIX_HEADER = "Threads/Threads-Prefix.pch";
				INFOPLIST_FILE = "ThreadsTests/ThreadsTests-Info.plist";
				PRODUCT_NAME = "$(TARGET_NAME)";
				TEST_HOST = "$(BUNDLE_LOADER)";
				WRAPPER_EXTENSION = xctest;
			};
			name = Release;
		};
/* End XCBuildConfiguration section */

/* Begin XCConfigurationList section */
		934FB4A818C0CC3400F4E46D /* Build configuration list for PBXProject "Threads" */ = {
			isa = XCConfigurationList;
			buildConfigurations = (
				934FB4DD18C0CC3400F4E46D /* Debug */,
				934FB4DE18C0CC3400F4E46D /* Release */,
			);
			defaultConfigurationIsVisible = 0;
			defaultConfigurationName = Release;
		};
		934FB4DF18C0CC3400F4E46D /* Build configuration list for PBXNativeTarget "Threads" */ = {
			isa = XCConfigurationList;
			buildConfigurations = (
				934FB4E018C0CC3400F4E46D /* Debug */,
				934FB4E118C0CC3400F4E46D /* Release */,
			);
			defaultConfigurationIsVisible = 0;
			defaultConfigurationName = Release;
		};
		934FB4E218C0CC3400F4E46D /* Build configuration list for PBXNativeTarget "ThreadsTests" */ = {
			isa = XCConfigurationList;
			buildConfigurations = (
				934FB4E318C0CC3400F4E46D /* Debug */,
				934FB4E418C0CC3400F4E46D /* Release */,
			);
			defaultConfigurationIsVisible = 0;
			defaultConfigurationName = Release;
		};
/* End XCConfigurationList section */
	};
	rootObject = 934FB4A518C0CC3400F4E46D /* Project object */;
}
