// !$*UTF8*$!
{
	archiveVersion = 1;
	classes = {
	};
	objectVersion = 46;
	objects = {

/* Begin PBXBuildFile section */
		934CD9F21AB5F39F005D91DC /* CalculatorBrain.swift in Sources */ = {isa = PBXBuildFile; fileRef = 934CD9F11AB5F39F005D91DC /* CalculatorBrain.swift */; };
		93BBF77B1AAF477F0065A9A7 /* AppDelegate.swift in Sources */ = {isa = PBXBuildFile; fileRef = 93BBF77A1AAF477F0065A9A7 /* AppDelegate.swift */; };
		93BBF77D1AAF477F0065A9A7 /* CalculatorViewController.swift in Sources */ = {isa = PBXBuildFile; fileRef = 93BBF77C1AAF477F0065A9A7 /* CalculatorViewController.swift */; };
		93BBF7801AAF477F0065A9A7 /* Main.storyboard in Resources */ = {isa = PBXBuildFile; fileRef = 93BBF77E1AAF477F0065A9A7 /* Main.storyboard */; };
		93BBF7821AAF477F0065A9A7 /* Images.xcassets in Resources */ = {isa = PBXBuildFile; fileRef = 93BBF7811AAF477F0065A9A7 /* Images.xcassets */; };
		93BBF7851AAF477F0065A9A7 /* LaunchScreen.xib in Resources */ = {isa = PBXBuildFile; fileRef = 93BBF7831AAF477F0065A9A7 /* LaunchScreen.xib */; };
		93BBF7911AAF477F0065A9A7 /* CalculatorTests.swift in Sources */ = {isa = PBXBuildFile; fileRef = 93BBF7901AAF477F0065A9A7 /* CalculatorTests.swift */; };
		93D229D51AF1EC5E00847212 /* SplitViewController.swift in Sources */ = {isa = PBXBuildFile; fileRef = 93D229D41AF1EC5E00847212 /* SplitViewController.swift */; };
		93DF04641AF144C900077F29 /* GrapherViewController.swift in Sources */ = {isa = PBXBuildFile; fileRef = 93DF04631AF144C900077F29 /* GrapherViewController.swift */; };
		93DF04661AF1457400077F29 /* AxesDrawer.swift in Sources */ = {isa = PBXBuildFile; fileRef = 93DF04651AF1457400077F29 /* AxesDrawer.swift */; };
		93DF04681AF1474600077F29 /* GrapherView.swift in Sources */ = {isa = PBXBuildFile; fileRef = 93DF04671AF1474600077F29 /* GrapherView.swift */; };
/* End PBXBuildFile section */

/* Begin PBXContainerItemProxy section */
		93BBF78B1AAF477F0065A9A7 /* PBXContainerItemProxy */ = {
			isa = PBXContainerItemProxy;
			containerPortal = 93BBF76D1AAF477E0065A9A7 /* Project object */;
			proxyType = 1;
			remoteGlobalIDString = 93BBF7741AAF477E0065A9A7;
			remoteInfo = Calculator;
		};
/* End PBXContainerItemProxy section */

/* Begin PBXFileReference section */
		934CD9F11AB5F39F005D91DC /* CalculatorBrain.swift */ = {isa = PBXFileReference; fileEncoding = 4; lastKnownFileType = sourcecode.swift; path = CalculatorBrain.swift; sourceTree = "<group>"; };
		93BBF7751AAF477E0065A9A7 /* Calculator.app */ = {isa = PBXFileReference; explicitFileType = wrapper.application; includeInIndex = 0; path = Calculator.app; sourceTree = BUILT_PRODUCTS_DIR; };
		93BBF7791AAF477F0065A9A7 /* Info.plist */ = {isa = PBXFileReference; lastKnownFileType = text.plist.xml; path = Info.plist; sourceTree = "<group>"; };
		93BBF77A1AAF477F0065A9A7 /* AppDelegate.swift */ = {isa = PBXFileReference; lastKnownFileType = sourcecode.swift; path = AppDelegate.swift; sourceTree = "<group>"; };
		93BBF77C1AAF477F0065A9A7 /* CalculatorViewController.swift */ = {isa = PBXFileReference; lastKnownFileType = sourcecode.swift; path = CalculatorViewController.swift; sourceTree = "<group>"; };
		93BBF77F1AAF477F0065A9A7 /* Base */ = {isa = PBXFileReference; lastKnownFileType = file.storyboard; name = Base; path = Base.lproj/Main.storyboard; sourceTree = "<group>"; };
		93BBF7811AAF477F0065A9A7 /* Images.xcassets */ = {isa = PBXFileReference; lastKnownFileType = folder.assetcatalog; path = Images.xcassets; sourceTree = "<group>"; };
		93BBF7841AAF477F0065A9A7 /* Base */ = {isa = PBXFileReference; lastKnownFileType = file.xib; name = Base; path = Base.lproj/LaunchScreen.xib; sourceTree = "<group>"; };
		93BBF78A1AAF477F0065A9A7 /* CalculatorTests.xctest */ = {isa = PBXFileReference; explicitFileType = wrapper.cfbundle; includeInIndex = 0; path = CalculatorTests.xctest; sourceTree = BUILT_PRODUCTS_DIR; };
		93BBF78F1AAF477F0065A9A7 /* Info.plist */ = {isa = PBXFileReference; lastKnownFileType = text.plist.xml; path = Info.plist; sourceTree = "<group>"; };
		93BBF7901AAF477F0065A9A7 /* CalculatorTests.swift */ = {isa = PBXFileReference; lastKnownFileType = sourcecode.swift; path = CalculatorTests.swift; sourceTree = "<group>"; };
		93D229D41AF1EC5E00847212 /* SplitViewController.swift */ = {isa = PBXFileReference; fileEncoding = 4; lastKnownFileType = sourcecode.swift; path = SplitViewController.swift; sourceTree = "<group>"; };
		93DF04631AF144C900077F29 /* GrapherViewController.swift */ = {isa = PBXFileReference; fileEncoding = 4; lastKnownFileType = sourcecode.swift; path = GrapherViewController.swift; sourceTree = "<group>"; };
		93DF04651AF1457400077F29 /* AxesDrawer.swift */ = {isa = PBXFileReference; fileEncoding = 4; lastKnownFileType = sourcecode.swift; path = AxesDrawer.swift; sourceTree = "<group>"; };
		93DF04671AF1474600077F29 /* GrapherView.swift */ = {isa = PBXFileReference; fileEncoding = 4; lastKnownFileType = sourcecode.swift; path = GrapherView.swift; sourceTree = "<group>"; };
/* End PBXFileReference section */

/* Begin PBXFrameworksBuildPhase section */
		93BBF7721AAF477E0065A9A7 /* Frameworks */ = {
			isa = PBXFrameworksBuildPhase;
			buildActionMask = 2147483647;
			files = (
			);
			runOnlyForDeploymentPostprocessing = 0;
		};
		93BBF7871AAF477F0065A9A7 /* Frameworks */ = {
			isa = PBXFrameworksBuildPhase;
			buildActionMask = 2147483647;
			files = (
			);
			runOnlyForDeploymentPostprocessing = 0;
		};
/* End PBXFrameworksBuildPhase section */

/* Begin PBXGroup section */
		93BBF76C1AAF477E0065A9A7 = {
			isa = PBXGroup;
			children = (
				93BBF7771AAF477E0065A9A7 /* Calculator */,
				93BBF78D1AAF477F0065A9A7 /* CalculatorTests */,
				93BBF7761AAF477E0065A9A7 /* Products */,
			);
			sourceTree = "<group>";
		};
		93BBF7761AAF477E0065A9A7 /* Products */ = {
			isa = PBXGroup;
			children = (
				93BBF7751AAF477E0065A9A7 /* Calculator.app */,
				93BBF78A1AAF477F0065A9A7 /* CalculatorTests.xctest */,
			);
			name = Products;
			sourceTree = "<group>";
		};
		93BBF7771AAF477E0065A9A7 /* Calculator */ = {
			isa = PBXGroup;
			children = (
				93BBF79A1AAF49060065A9A7 /* Model */,
				93BBF79B1AAF490E0065A9A7 /* View */,
				93BBF79C1AAF49150065A9A7 /* Controller */,
				93BBF7781AAF477F0065A9A7 /* Supporting Files */,
			);
			path = Calculator;
			sourceTree = "<group>";
		};
		93BBF7781AAF477F0065A9A7 /* Supporting Files */ = {
			isa = PBXGroup;
			children = (
				93BBF77A1AAF477F0065A9A7 /* AppDelegate.swift */,
				93BBF7811AAF477F0065A9A7 /* Images.xcassets */,
				93BBF7831AAF477F0065A9A7 /* LaunchScreen.xib */,
				93BBF7791AAF477F0065A9A7 /* Info.plist */,
			);
			name = "Supporting Files";
			sourceTree = "<group>";
		};
		93BBF78D1AAF477F0065A9A7 /* CalculatorTests */ = {
			isa = PBXGroup;
			children = (
				93BBF7901AAF477F0065A9A7 /* CalculatorTests.swift */,
				93BBF78E1AAF477F0065A9A7 /* Supporting Files */,
			);
			path = CalculatorTests;
			sourceTree = "<group>";
		};
		93BBF78E1AAF477F0065A9A7 /* Supporting Files */ = {
			isa = PBXGroup;
			children = (
				93BBF78F1AAF477F0065A9A7 /* Info.plist */,
			);
			name = "Supporting Files";
			sourceTree = "<group>";
		};
		93BBF79A1AAF49060065A9A7 /* Model */ = {
			isa = PBXGroup;
			children = (
				934CD9F11AB5F39F005D91DC /* CalculatorBrain.swift */,
			);
			name = Model;
			sourceTree = "<group>";
		};
		93BBF79B1AAF490E0065A9A7 /* View */ = {
			isa = PBXGroup;
			children = (
				93BBF77E1AAF477F0065A9A7 /* Main.storyboard */,
				93DF04651AF1457400077F29 /* AxesDrawer.swift */,
				93DF04671AF1474600077F29 /* GrapherView.swift */,
			);
			name = View;
			sourceTree = "<group>";
		};
		93BBF79C1AAF49150065A9A7 /* Controller */ = {
			isa = PBXGroup;
			children = (
				93BBF77C1AAF477F0065A9A7 /* CalculatorViewController.swift */,
				93DF04631AF144C900077F29 /* GrapherViewController.swift */,
				93D229D41AF1EC5E00847212 /* SplitViewController.swift */,
			);
			name = Controller;
			sourceTree = "<group>";
		};
/* End PBXGroup section */

/* Begin PBXNativeTarget section */
		93BBF7741AAF477E0065A9A7 /* Calculator */ = {
			isa = PBXNativeTarget;
			buildConfigurationList = 93BBF7941AAF477F0065A9A7 /* Build configuration list for PBXNativeTarget "Calculator" */;
			buildPhases = (
				93BBF7711AAF477E0065A9A7 /* Sources */,
				93BBF7721AAF477E0065A9A7 /* Frameworks */,
				93BBF7731AAF477E0065A9A7 /* Resources */,
			);
			buildRules = (
			);
			dependencies = (
			);
			name = Calculator;
			productName = Calculator;
			productReference = 93BBF7751AAF477E0065A9A7 /* Calculator.app */;
			productType = "com.apple.product-type.application";
		};
		93BBF7891AAF477F0065A9A7 /* CalculatorTests */ = {
			isa = PBXNativeTarget;
			buildConfigurationList = 93BBF7971AAF477F0065A9A7 /* Build configuration list for PBXNativeTarget "CalculatorTests" */;
			buildPhases = (
				93BBF7861AAF477F0065A9A7 /* Sources */,
				93BBF7871AAF477F0065A9A7 /* Frameworks */,
				93BBF7881AAF477F0065A9A7 /* Resources */,
			);
			buildRules = (
			);
			dependencies = (
				93BBF78C1AAF477F0065A9A7 /* PBXTargetDependency */,
			);
			name = CalculatorTests;
			productName = CalculatorTests;
			productReference = 93BBF78A1AAF477F0065A9A7 /* CalculatorTests.xctest */;
			productType = "com.apple.product-type.bundle.unit-test";
		};
/* End PBXNativeTarget section */

/* Begin PBXProject section */
		93BBF76D1AAF477E0065A9A7 /* Project object */ = {
			isa = PBXProject;
			attributes = {
				LastUpgradeCheck = 0630;
				ORGANIZATIONNAME = "Improve Digital";
				TargetAttributes = {
					93BBF7741AAF477E0065A9A7 = {
						CreatedOnToolsVersion = 6.3;
					};
					93BBF7891AAF477F0065A9A7 = {
						CreatedOnToolsVersion = 6.3;
						TestTargetID = 93BBF7741AAF477E0065A9A7;
					};
				};
			};
			buildConfigurationList = 93BBF7701AAF477E0065A9A7 /* Build configuration list for PBXProject "Calculator" */;
			compatibilityVersion = "Xcode 3.2";
			developmentRegion = English;
			hasScannedForEncodings = 0;
			knownRegions = (
				en,
				Base,
			);
			mainGroup = 93BBF76C1AAF477E0065A9A7;
			productRefGroup = 93BBF7761AAF477E0065A9A7 /* Products */;
			projectDirPath = "";
			projectRoot = "";
			targets = (
				93BBF7741AAF477E0065A9A7 /* Calculator */,
				93BBF7891AAF477F0065A9A7 /* CalculatorTests */,
			);
		};
/* End PBXProject section */

/* Begin PBXResourcesBuildPhase section */
		93BBF7731AAF477E0065A9A7 /* Resources */ = {
			isa = PBXResourcesBuildPhase;
			buildActionMask = 2147483647;
			files = (
				93BBF7801AAF477F0065A9A7 /* Main.storyboard in Resources */,
				93BBF7851AAF477F0065A9A7 /* LaunchScreen.xib in Resources */,
				93BBF7821AAF477F0065A9A7 /* Images.xcassets in Resources */,
			);
			runOnlyForDeploymentPostprocessing = 0;
		};
		93BBF7881AAF477F0065A9A7 /* Resources */ = {
			isa = PBXResourcesBuildPhase;
			buildActionMask = 2147483647;
			files = (
			);
			runOnlyForDeploymentPostprocessing = 0;
		};
/* End PBXResourcesBuildPhase section */

/* Begin PBXSourcesBuildPhase section */
		93BBF7711AAF477E0065A9A7 /* Sources */ = {
			isa = PBXSourcesBuildPhase;
			buildActionMask = 2147483647;
			files = (
				93DF04681AF1474600077F29 /* GrapherView.swift in Sources */,
				93D229D51AF1EC5E00847212 /* SplitViewController.swift in Sources */,
				934CD9F21AB5F39F005D91DC /* CalculatorBrain.swift in Sources */,
				93BBF77D1AAF477F0065A9A7 /* CalculatorViewController.swift in Sources */,
				93DF04661AF1457400077F29 /* AxesDrawer.swift in Sources */,
				93DF04641AF144C900077F29 /* GrapherViewController.swift in Sources */,
				93BBF77B1AAF477F0065A9A7 /* AppDelegate.swift in Sources */,
			);
			runOnlyForDeploymentPostprocessing = 0;
		};
		93BBF7861AAF477F0065A9A7 /* Sources */ = {
			isa = PBXSourcesBuildPhase;
			buildActionMask = 2147483647;
			files = (
				93BBF7911AAF477F0065A9A7 /* CalculatorTests.swift in Sources */,
			);
			runOnlyForDeploymentPostprocessing = 0;
		};
/* End PBXSourcesBuildPhase section */

/* Begin PBXTargetDependency section */
		93BBF78C1AAF477F0065A9A7 /* PBXTargetDependency */ = {
			isa = PBXTargetDependency;
			target = 93BBF7741AAF477E0065A9A7 /* Calculator */;
			targetProxy = 93BBF78B1AAF477F0065A9A7 /* PBXContainerItemProxy */;
		};
/* End PBXTargetDependency section */

/* Begin PBXVariantGroup section */
		93BBF77E1AAF477F0065A9A7 /* Main.storyboard */ = {
			isa = PBXVariantGroup;
			children = (
				93BBF77F1AAF477F0065A9A7 /* Base */,
			);
			name = Main.storyboard;
			sourceTree = "<group>";
		};
		93BBF7831AAF477F0065A9A7 /* LaunchScreen.xib */ = {
			isa = PBXVariantGroup;
			children = (
				93BBF7841AAF477F0065A9A7 /* Base */,
			);
			name = LaunchScreen.xib;
			sourceTree = "<group>";
		};
/* End PBXVariantGroup section */

/* Begin XCBuildConfiguration section */
		93BBF7921AAF477F0065A9A7 /* Debug */ = {
			isa = XCBuildConfiguration;
			buildSettings = {
				ALWAYS_SEARCH_USER_PATHS = NO;
				CLANG_CXX_LANGUAGE_STANDARD = "gnu++0x";
				CLANG_CXX_LIBRARY = "libc++";
				CLANG_ENABLE_MODULES = YES;
				CLANG_ENABLE_OBJC_ARC = YES;
				CLANG_WARN_BOOL_CONVERSION = YES;
				CLANG_WARN_CONSTANT_CONVERSION = YES;
				CLANG_WARN_DIRECT_OBJC_ISA_USAGE = YES_ERROR;
				CLANG_WARN_EMPTY_BODY = YES;
				CLANG_WARN_ENUM_CONVERSION = YES;
				CLANG_WARN_INT_CONVERSION = YES;
				CLANG_WARN_OBJC_ROOT_CLASS = YES_ERROR;
				CLANG_WARN_UNREACHABLE_CODE = YES;
				CLANG_WARN__DUPLICATE_METHOD_MATCH = YES;
				"CODE_SIGN_IDENTITY[sdk=iphoneos*]" = "iPhone Developer";
				COPY_PHASE_STRIP = NO;
				DEBUG_INFORMATION_FORMAT = dwarf;
				ENABLE_STRICT_OBJC_MSGSEND = YES;
				GCC_C_LANGUAGE_STANDARD = gnu99;
				GCC_DYNAMIC_NO_PIC = NO;
				GCC_OPTIMIZATION_LEVEL = 0;
				GCC_PREPROCESSOR_DEFINITIONS = (
					"DEBUG=1",
					"$(inherited)",
				);
				GCC_SYMBOLS_PRIVATE_EXTERN = NO;
				GCC_WARN_64_TO_32_BIT_CONVERSION = YES;
				GCC_WARN_ABOUT_RETURN_TYPE = YES_ERROR;
				GCC_WARN_UNDECLARED_SELECTOR = YES;
				GCC_WARN_UNINITIALIZED_AUTOS = YES_AGGRESSIVE;
				GCC_WARN_UNUSED_FUNCTION = YES;
				GCC_WARN_UNUSED_VARIABLE = YES;
				IPHONEOS_DEPLOYMENT_TARGET = 8.3;
				MTL_ENABLE_DEBUG_INFO = YES;
				ONLY_ACTIVE_ARCH = YES;
				SDKROOT = iphoneos;
				SWIFT_OPTIMIZATION_LEVEL = "-Onone";
				TARGETED_DEVICE_FAMILY = "1,2";
			};
			name = Debug;
		};
		93BBF7931AAF477F0065A9A7 /* Release */ = {
			isa = XCBuildConfiguration;
			buildSettings = {
				ALWAYS_SEARCH_USER_PATHS = NO;
				CLANG_CXX_LANGUAGE_STANDARD = "gnu++0x";
				CLANG_CXX_LIBRARY = "libc++";
				CLANG_ENABLE_MODULES = YES;
				CLANG_ENABLE_OBJC_ARC = YES;
				CLANG_WARN_BOOL_CONVERSION = YES;
				CLANG_WARN_CONSTANT_CONVERSION = YES;
				CLANG_WARN_DIRECT_OBJC_ISA_USAGE = YES_ERROR;
				CLANG_WARN_EMPTY_BODY = YES;
				CLANG_WARN_ENUM_CONVERSION = YES;
				CLANG_WARN_INT_CONVERSION = YES;
				CLANG_WARN_OBJC_ROOT_CLASS = YES_ERROR;
				CLANG_WARN_UNREACHABLE_CODE = YES;
				CLANG_WARN__DUPLICATE_METHOD_MATCH = YES;
				"CODE_SIGN_IDENTITY[sdk=iphoneos*]" = "iPhone Developer";
				COPY_PHASE_STRIP = NO;
				DEBUG_INFORMATION_FORMAT = "dwarf-with-dsym";
				ENABLE_NS_ASSERTIONS = NO;
				ENABLE_STRICT_OBJC_MSGSEND = YES;
				GCC_C_LANGUAGE_STANDARD = gnu99;
				GCC_WARN_64_TO_32_BIT_CONVERSION = YES;
				GCC_WARN_ABOUT_RETURN_TYPE = YES_ERROR;
				GCC_WARN_UNDECLARED_SELECTOR = YES;
				GCC_WARN_UNINITIALIZED_AUTOS = YES_AGGRESSIVE;
				GCC_WARN_UNUSED_FUNCTION = YES;
				GCC_WARN_UNUSED_VARIABLE = YES;
				IPHONEOS_DEPLOYMENT_TARGET = 8.3;
				MTL_ENABLE_DEBUG_INFO = NO;
				SDKROOT = iphoneos;
				TARGETED_DEVICE_FAMILY = "1,2";
				VALIDATE_PRODUCT = YES;
			};
			name = Release;
		};
		93BBF7951AAF477F0065A9A7 /* Debug */ = {
			isa = XCBuildConfiguration;
			buildSettings = {
				ASSETCATALOG_COMPILER_APPICON_NAME = AppIcon;
				INFOPLIST_FILE = Calculator/Info.plist;
				IPHONEOS_DEPLOYMENT_TARGET = 8.1;
				LD_RUNPATH_SEARCH_PATHS = "$(inherited) @executable_path/Frameworks";
				PRODUCT_NAME = "$(TARGET_NAME)";
			};
			name = Debug;
		};
		93BBF7961AAF477F0065A9A7 /* Release */ = {
			isa = XCBuildConfiguration;
			buildSettings = {
				ASSETCATALOG_COMPILER_APPICON_NAME = AppIcon;
				INFOPLIST_FILE = Calculator/Info.plist;
				IPHONEOS_DEPLOYMENT_TARGET = 8.1;
				LD_RUNPATH_SEARCH_PATHS = "$(inherited) @executable_path/Frameworks";
				PRODUCT_NAME = "$(TARGET_NAME)";
			};
			name = Release;
		};
		93BBF7981AAF477F0065A9A7 /* Debug */ = {
			isa = XCBuildConfiguration;
			buildSettings = {
				BUNDLE_LOADER = "$(TEST_HOST)";
				FRAMEWORK_SEARCH_PATHS = (
					"$(SDKROOT)/Developer/Library/Frameworks",
					"$(inherited)",
				);
				GCC_PREPROCESSOR_DEFINITIONS = (
					"DEBUG=1",
					"$(inherited)",
				);
				INFOPLIST_FILE = CalculatorTests/Info.plist;
				LD_RUNPATH_SEARCH_PATHS = "$(inherited) @executable_path/Frameworks @loader_path/Frameworks";
				PRODUCT_NAME = "$(TARGET_NAME)";
				TEST_HOST = "$(BUILT_PRODUCTS_DIR)/Calculator.app/Calculator";
			};
			name = Debug;
		};
		93BBF7991AAF477F0065A9A7 /* Release */ = {
			isa = XCBuildConfiguration;
			buildSettings = {
				BUNDLE_LOADER = "$(TEST_HOST)";
				FRAMEWORK_SEARCH_PATHS = (
					"$(SDKROOT)/Developer/Library/Frameworks",
					"$(inherited)",
				);
				INFOPLIST_FILE = CalculatorTests/Info.plist;
				LD_RUNPATH_SEARCH_PATHS = "$(inherited) @executable_path/Frameworks @loader_path/Frameworks";
				PRODUCT_NAME = "$(TARGET_NAME)";
				TEST_HOST = "$(BUILT_PRODUCTS_DIR)/Calculator.app/Calculator";
			};
			name = Release;
		};
/* End XCBuildConfiguration section */

/* Begin XCConfigurationList section */
		93BBF7701AAF477E0065A9A7 /* Build configuration list for PBXProject "Calculator" */ = {
			isa = XCConfigurationList;
			buildConfigurations = (
				93BBF7921AAF477F0065A9A7 /* Debug */,
				93BBF7931AAF477F0065A9A7 /* Release */,
			);
			defaultConfigurationIsVisible = 0;
			defaultConfigurationName = Release;
		};
		93BBF7941AAF477F0065A9A7 /* Build configuration list for PBXNativeTarget "Calculator" */ = {
			isa = XCConfigurationList;
			buildConfigurations = (
				93BBF7951AAF477F0065A9A7 /* Debug */,
				93BBF7961AAF477F0065A9A7 /* Release */,
			);
			defaultConfigurationIsVisible = 0;
			defaultConfigurationName = Release;
		};
		93BBF7971AAF477F0065A9A7 /* Build configuration list for PBXNativeTarget "CalculatorTests" */ = {
			isa = XCConfigurationList;
			buildConfigurations = (
				93BBF7981AAF477F0065A9A7 /* Debug */,
				93BBF7991AAF477F0065A9A7 /* Release */,
			);
			defaultConfigurationIsVisible = 0;
			defaultConfigurationName = Release;
		};
/* End XCConfigurationList section */
	};
	rootObject = 93BBF76D1AAF477E0065A9A7 /* Project object */;
}
