PODS:
  - ECSlidingViewController (2.0.3)
  - KVOController (1.0.3)

DEPENDENCIES:
  - ECSlidingViewController (~> 2.0.3)
  - KVOController (~> 1.0.3)

SPEC CHECKSUMS:
  ECSlidingViewController: 6485c14f23b4487e9946535421ca8f111f86cc53
  KVOController: 9fd8f0343670994e4b6f9f0b31f5a45663f3e1cf

COCOAPODS: 0.35.0
